
Microsoft Visual Studio Solution File, Format Version 12.00
# Visual Studio Version 17
VisualStudioVersion = 17.11.35208.52
MinimumVisualStudioVersion = 10.0.40219.1
Project("{FAE04EC0-301F-11D3-BF4B-00C04F79EFBC}") = "PartialClass", "PartialClass.csproj", "{CE92D747-D8F4-4CE3-BBBA-E6B930563F0B}"
EndProject
Global
	GlobalSection(SolutionConfigurationPlatforms) = preSolution
		Debug|Any CPU = Debug|Any CPU
		Release|Any CPU = Release|Any CPU
	EndGlobalSection
	GlobalSection(ProjectConfigurationPlatforms) = postSolution
		{CE92D747-D8F4-4CE3-BBBA-E6B930563F0B}.Debug|Any CPU.ActiveCfg = Debug|Any CPU
		{CE92D747-D8F4-4CE3-BBBA-E6B930563F0B}.Debug|Any CPU.Build.0 = Debug|Any CPU
		{CE92D747-D8F4-4CE3-BBBA-E6B930563F0B}.Release|Any CPU.ActiveCfg = Release|Any CPU
		{CE92D747-D8F4-4CE3-BBBA-E6B930563F0B}.Release|Any CPU.Build.0 = Release|Any CPU
	EndGlobalSection
	GlobalSection(SolutionProperties) = preSolution
		HideSolutionNode = FALSE
	EndGlobalSection
	GlobalSection(ExtensibilityGlobals) = postSolution
		SolutionGuid = {1645D9A9-4804-4EEB-8E35-E7914FD98948}
	EndGlobalSection
EndGlobal
